
Microsoft Visual Studio Solution File, Format Version 12.00
# Visual Studio 14
VisualStudioVersion = 14.0.24720.0
MinimumVisualStudioVersion = 10.0.40219.1
Project("{FAE04EC0-301F-11D3-BF4B-00C04F79EFBC}") = "Mondo.Sample", "Mondo.Sample\Mondo.Sample.csproj", "{C782D552-E6F6-4464-9DDB-C5A7B472953A}"
EndProject
Project("{FAE04EC0-301F-11D3-BF4B-00C04F79EFBC}") = "Mondo.Tests", "Mondo.Tests\Mondo.Tests.csproj", "{25B2F959-FD51-4B9B-BEF1-FAD94E1FE74F}"
EndProject
Project("{FAE04EC0-301F-11D3-BF4B-00C04F79EFBC}") = "Mondo", "Mondo\Mondo.csproj", "{CE64E281-A9D8-43C8-BD1A-A2F095A99252}"
EndProject
Project("{2150E333-8FDC-42A3-9474-1A3956D46DE8}") = "Solution Items", "Solution Items", "{7951B1D5-B6FC-46EE-BF0D-C5F39CF59F7B}"
	ProjectSection(SolutionItems) = preProject
		Mondo.nuspec = Mondo.nuspec
		Mondo.symbols.nuspec = Mondo.symbols.nuspec
	EndProjectSection
EndProject
Global
	GlobalSection(SolutionConfigurationPlatforms) = preSolution
		Debug|Any CPU = Debug|Any CPU
		Release|Any CPU = Release|Any CPU
	EndGlobalSection
	GlobalSection(ProjectConfigurationPlatforms) = postSolution
		{C782D552-E6F6-4464-9DDB-C5A7B472953A}.Debug|Any CPU.ActiveCfg = Debug|Any CPU
		{C782D552-E6F6-4464-9DDB-C5A7B472953A}.Debug|Any CPU.Build.0 = Debug|Any CPU
		{C782D552-E6F6-4464-9DDB-C5A7B472953A}.Release|Any CPU.ActiveCfg = Release|Any CPU
		{C782D552-E6F6-4464-9DDB-C5A7B472953A}.Release|Any CPU.Build.0 = Release|Any CPU
		{25B2F959-FD51-4B9B-BEF1-FAD94E1FE74F}.Debug|Any CPU.ActiveCfg = Debug|Any CPU
		{25B2F959-FD51-4B9B-BEF1-FAD94E1FE74F}.Debug|Any CPU.Build.0 = Debug|Any CPU
		{25B2F959-FD51-4B9B-BEF1-FAD94E1FE74F}.Release|Any CPU.ActiveCfg = Release|Any CPU
		{25B2F959-FD51-4B9B-BEF1-FAD94E1FE74F}.Release|Any CPU.Build.0 = Release|Any CPU
		{CE64E281-A9D8-43C8-BD1A-A2F095A99252}.Debug|Any CPU.ActiveCfg = Debug|Any CPU
		{CE64E281-A9D8-43C8-BD1A-A2F095A99252}.Debug|Any CPU.Build.0 = Debug|Any CPU
		{CE64E281-A9D8-43C8-BD1A-A2F095A99252}.Release|Any CPU.ActiveCfg = Release|Any CPU
		{CE64E281-A9D8-43C8-BD1A-A2F095A99252}.Release|Any CPU.Build.0 = Release|Any CPU
	EndGlobalSection
	GlobalSection(SolutionProperties) = preSolution
		HideSolutionNode = FALSE
	EndGlobalSection
EndGlobal
